
Microsoft Visual Studio Solution File, Format Version 12.00
# Visual Studio Version 17
VisualStudioVersion = 17.12.35527.113
MinimumVisualStudioVersion = 10.0.40219.1
Project("{FAE04EC0-301F-11D3-BF4B-00C04F79EFBC}") = "CSharpLayeredArchitecture", "CSharpLayeredArchitecture\CSharpLayeredArchitecture.csproj", "{0123A1C3-86E8-4F4B-8BC6-FA9CC517C630}"
EndProject
Project("{FAE04EC0-301F-11D3-BF4B-00C04F79EFBC}") = "EntityLayer", "EntityLayer\EntityLayer.csproj", "{E95C45D1-1EF7-4CEE-9AE1-0BF1BCFB5E38}"
EndProject
Project("{FAE04EC0-301F-11D3-BF4B-00C04F79EFBC}") = "DataAccessLayer", "DataAccessLayer\DataAccessLayer.csproj", "{178A6EDD-1233-428E-92F9-267967C86E66}"
EndProject
Project("{FAE04EC0-301F-11D3-BF4B-00C04F79EFBC}") = "LogicLayer", "LogicLayer\LogicLayer.csproj", "{BFE17587-C28E-4593-8361-8C920E8A6ACA}"
EndProject
Global
	GlobalSection(SolutionConfigurationPlatforms) = preSolution
		Debug|Any CPU = Debug|Any CPU
		Release|Any CPU = Release|Any CPU
	EndGlobalSection
	GlobalSection(ProjectConfigurationPlatforms) = postSolution
		{0123A1C3-86E8-4F4B-8BC6-FA9CC517C630}.Debug|Any CPU.ActiveCfg = Debug|Any CPU
		{0123A1C3-86E8-4F4B-8BC6-FA9CC517C630}.Debug|Any CPU.Build.0 = Debug|Any CPU
		{0123A1C3-86E8-4F4B-8BC6-FA9CC517C630}.Release|Any CPU.ActiveCfg = Release|Any CPU
		{0123A1C3-86E8-4F4B-8BC6-FA9CC517C630}.Release|Any CPU.Build.0 = Release|Any CPU
		{E95C45D1-1EF7-4CEE-9AE1-0BF1BCFB5E38}.Debug|Any CPU.ActiveCfg = Debug|Any CPU
		{E95C45D1-1EF7-4CEE-9AE1-0BF1BCFB5E38}.Debug|Any CPU.Build.0 = Debug|Any CPU
		{E95C45D1-1EF7-4CEE-9AE1-0BF1BCFB5E38}.Release|Any CPU.ActiveCfg = Release|Any CPU
		{E95C45D1-1EF7-4CEE-9AE1-0BF1BCFB5E38}.Release|Any CPU.Build.0 = Release|Any CPU
		{178A6EDD-1233-428E-92F9-267967C86E66}.Debug|Any CPU.ActiveCfg = Debug|Any CPU
		{178A6EDD-1233-428E-92F9-267967C86E66}.Debug|Any CPU.Build.0 = Debug|Any CPU
		{178A6EDD-1233-428E-92F9-267967C86E66}.Release|Any CPU.ActiveCfg = Release|Any CPU
		{178A6EDD-1233-428E-92F9-267967C86E66}.Release|Any CPU.Build.0 = Release|Any CPU
		{BFE17587-C28E-4593-8361-8C920E8A6ACA}.Debug|Any CPU.ActiveCfg = Debug|Any CPU
		{BFE17587-C28E-4593-8361-8C920E8A6ACA}.Debug|Any CPU.Build.0 = Debug|Any CPU
		{BFE17587-C28E-4593-8361-8C920E8A6ACA}.Release|Any CPU.ActiveCfg = Release|Any CPU
		{BFE17587-C28E-4593-8361-8C920E8A6ACA}.Release|Any CPU.Build.0 = Release|Any CPU
	EndGlobalSection
	GlobalSection(SolutionProperties) = preSolution
		HideSolutionNode = FALSE
	EndGlobalSection
EndGlobal
